// !$*UTF8*$!
{
	archiveVersion = 1;
	classes = {
	};
	objectVersion = 50;
	objects = {

/* Begin PBXBuildFile section */
		D4258E452661CBC00056A2B5 /* cg.c in Sources */ = {isa = PBXBuildFile; fileRef = D4258E442661CBC00056A2B5 /* cg.c */; };
		D4258E482661CDD70056A2B5 /* utils.c in Sources */ = {isa = PBXBuildFile; fileRef = D4258E472661CDD70056A2B5 /* utils.c */; };
		D4FA7DCC26617DB600A2342B /* AppDelegate.swift in Sources */ = {isa = PBXBuildFile; fileRef = D4FA7DCB26617DB600A2342B /* AppDelegate.swift */; };
		D4FA7DCE26617DB600A2342B /* ViewController.swift in Sources */ = {isa = PBXBuildFile; fileRef = D4FA7DCD26617DB600A2342B /* ViewController.swift */; };
		D4FA7DD026617DB700A2342B /* Assets.xcassets in Resources */ = {isa = PBXBuildFile; fileRef = D4FA7DCF26617DB700A2342B /* Assets.xcassets */; };
		D4FA7DD326617DB700A2342B /* Main.storyboard in Resources */ = {isa = PBXBuildFile; fileRef = D4FA7DD126617DB700A2342B /* Main.storyboard */; };
		D4FA7DDE26617E6300A2342B /* animate.c in Sources */ = {isa = PBXBuildFile; fileRef = D4FA7DDD26617E6300A2342B /* animate.c */; };
		D4FA7DE026617F6400A2342B /* Render.metal in Sources */ = {isa = PBXBuildFile; fileRef = D4FA7DDF26617F6400A2342B /* Render.metal */; };
/* End PBXBuildFile section */

/* Begin PBXFileReference section */
		D4258E432661CBC00056A2B5 /* cg.h */ = {isa = PBXFileReference; lastKnownFileType = sourcecode.c.h; path = cg.h; sourceTree = "<group>"; };
		D4258E442661CBC00056A2B5 /* cg.c */ = {isa = PBXFileReference; indentWidth = 2; lastKnownFileType = sourcecode.c.c; path = cg.c; sourceTree = "<group>"; tabWidth = 2; wrapsLines = 0; };
		D4258E462661CDD70056A2B5 /* utils.h */ = {isa = PBXFileReference; lastKnownFileType = sourcecode.c.h; path = utils.h; sourceTree = "<group>"; };
		D4258E472661CDD70056A2B5 /* utils.c */ = {isa = PBXFileReference; indentWidth = 2; lastKnownFileType = sourcecode.c.c; path = utils.c; sourceTree = "<group>"; tabWidth = 2; wrapsLines = 0; };
		D4FA7DC826617DB600A2342B /* Water.app */ = {isa = PBXFileReference; explicitFileType = wrapper.application; includeInIndex = 0; path = Water.app; sourceTree = BUILT_PRODUCTS_DIR; };
		D4FA7DCB26617DB600A2342B /* AppDelegate.swift */ = {isa = PBXFileReference; lastKnownFileType = sourcecode.swift; path = AppDelegate.swift; sourceTree = "<group>"; };
		D4FA7DCD26617DB600A2342B /* ViewController.swift */ = {isa = PBXFileReference; indentWidth = 2; lastKnownFileType = sourcecode.swift; path = ViewController.swift; sourceTree = "<group>"; tabWidth = 2; wrapsLines = 0; };
		D4FA7DCF26617DB700A2342B /* Assets.xcassets */ = {isa = PBXFileReference; lastKnownFileType = folder.assetcatalog; path = Assets.xcassets; sourceTree = "<group>"; };
		D4FA7DD226617DB700A2342B /* Base */ = {isa = PBXFileReference; lastKnownFileType = file.storyboard; name = Base; path = Base.lproj/Main.storyboard; sourceTree = "<group>"; };
		D4FA7DD426617DB700A2342B /* Info.plist */ = {isa = PBXFileReference; lastKnownFileType = text.plist.xml; path = Info.plist; sourceTree = "<group>"; };
		D4FA7DD526617DB700A2342B /* Water.entitlements */ = {isa = PBXFileReference; lastKnownFileType = text.plist.entitlements; path = Water.entitlements; sourceTree = "<group>"; };
		D4FA7DDB26617E6300A2342B /* Water-Bridging-Header.h */ = {isa = PBXFileReference; lastKnownFileType = sourcecode.c.h; path = "Water-Bridging-Header.h"; sourceTree = "<group>"; };
		D4FA7DDC26617E6300A2342B /* animate.h */ = {isa = PBXFileReference; indentWidth = 2; lastKnownFileType = sourcecode.c.h; path = animate.h; sourceTree = "<group>"; tabWidth = 2; wrapsLines = 0; };
		D4FA7DDD26617E6300A2342B /* animate.c */ = {isa = PBXFileReference; indentWidth = 2; lastKnownFileType = sourcecode.c.c; path = animate.c; sourceTree = "<group>"; tabWidth = 2; wrapsLines = 0; };
		D4FA7DDF26617F6400A2342B /* Render.metal */ = {isa = PBXFileReference; lastKnownFileType = sourcecode.metal; path = Render.metal; sourceTree = "<group>"; };
/* End PBXFileReference section */

/* Begin PBXFrameworksBuildPhase section */
		D4FA7DC526617DB600A2342B /* Frameworks */ = {
			isa = PBXFrameworksBuildPhase;
			buildActionMask = 2147483647;
			files = (
			);
			runOnlyForDeploymentPostprocessing = 0;
		};
/* End PBXFrameworksBuildPhase section */

/* Begin PBXGroup section */
		D4FA7DBF26617DB600A2342B = {
			isa = PBXGroup;
			children = (
				D4FA7DCA26617DB600A2342B /* Water */,
				D4FA7DC926617DB600A2342B /* Products */,
			);
			sourceTree = "<group>";
		};
		D4FA7DC926617DB600A2342B /* Products */ = {
			isa = PBXGroup;
			children = (
				D4FA7DC826617DB600A2342B /* Water.app */,
			);
			name = Products;
			sourceTree = "<group>";
		};
		D4FA7DCA26617DB600A2342B /* Water */ = {
			isa = PBXGroup;
			children = (
				D4FA7DCB26617DB600A2342B /* AppDelegate.swift */,
				D4FA7DCD26617DB600A2342B /* ViewController.swift */,
				D4FA7DDF26617F6400A2342B /* Render.metal */,
				D4FA7DCF26617DB700A2342B /* Assets.xcassets */,
				D4FA7DD126617DB700A2342B /* Main.storyboard */,
				D4FA7DDC26617E6300A2342B /* animate.h */,
				D4FA7DDD26617E6300A2342B /* animate.c */,
				D4258E432661CBC00056A2B5 /* cg.h */,
				D4258E442661CBC00056A2B5 /* cg.c */,
				D4258E462661CDD70056A2B5 /* utils.h */,
				D4258E472661CDD70056A2B5 /* utils.c */,
				D4FA7DD426617DB700A2342B /* Info.plist */,
				D4FA7DD526617DB700A2342B /* Water.entitlements */,
				D4FA7DDB26617E6300A2342B /* Water-Bridging-Header.h */,
			);
			path = Water;
			sourceTree = "<group>";
		};
/* End PBXGroup section */

/* Begin PBXNativeTarget section */
		D4FA7DC726617DB600A2342B /* Water */ = {
			isa = PBXNativeTarget;
			buildConfigurationList = D4FA7DD826617DB700A2342B /* Build configuration list for PBXNativeTarget "Water" */;
			buildPhases = (
				D4FA7DC426617DB600A2342B /* Sources */,
				D4FA7DC526617DB600A2342B /* Frameworks */,
				D4FA7DC626617DB600A2342B /* Resources */,
			);
			buildRules = (
			);
			dependencies = (
			);
			name = Water;
			productName = Water;
			productReference = D4FA7DC826617DB600A2342B /* Water.app */;
			productType = "com.apple.product-type.application";
		};
/* End PBXNativeTarget section */

/* Begin PBXProject section */
		D4FA7DC026617DB600A2342B /* Project object */ = {
			isa = PBXProject;
			attributes = {
				LastSwiftUpdateCheck = 1250;
				LastUpgradeCheck = 1250;
				TargetAttributes = {
					D4FA7DC726617DB600A2342B = {
						CreatedOnToolsVersion = 12.5;
						LastSwiftMigration = 1250;
					};
				};
			};
			buildConfigurationList = D4FA7DC326617DB600A2342B /* Build configuration list for PBXProject "Water" */;
			compatibilityVersion = "Xcode 9.3";
			developmentRegion = en;
			hasScannedForEncodings = 0;
			knownRegions = (
				en,
				Base,
			);
			mainGroup = D4FA7DBF26617DB600A2342B;
			productRefGroup = D4FA7DC926617DB600A2342B /* Products */;
			projectDirPath = "";
			projectRoot = "";
			targets = (
				D4FA7DC726617DB600A2342B /* Water */,
			);
		};
/* End PBXProject section */

/* Begin PBXResourcesBuildPhase section */
		D4FA7DC626617DB600A2342B /* Resources */ = {
			isa = PBXResourcesBuildPhase;
			buildActionMask = 2147483647;
			files = (
				D4FA7DD026617DB700A2342B /* Assets.xcassets in Resources */,
				D4FA7DD326617DB700A2342B /* Main.storyboard in Resources */,
			);
			runOnlyForDeploymentPostprocessing = 0;
		};
/* End PBXResourcesBuildPhase section */

/* Begin PBXSourcesBuildPhase section */
		D4FA7DC426617DB600A2342B /* Sources */ = {
			isa = PBXSourcesBuildPhase;
			buildActionMask = 2147483647;
			files = (
				D4258E452661CBC00056A2B5 /* cg.c in Sources */,
				D4FA7DCE26617DB600A2342B /* ViewController.swift in Sources */,
				D4FA7DE026617F6400A2342B /* Render.metal in Sources */,
				D4258E482661CDD70056A2B5 /* utils.c in Sources */,
				D4FA7DCC26617DB600A2342B /* AppDelegate.swift in Sources */,
				D4FA7DDE26617E6300A2342B /* animate.c in Sources */,
			);
			runOnlyForDeploymentPostprocessing = 0;
		};
/* End PBXSourcesBuildPhase section */

/* Begin PBXVariantGroup section */
		D4FA7DD126617DB700A2342B /* Main.storyboard */ = {
			isa = PBXVariantGroup;
			children = (
				D4FA7DD226617DB700A2342B /* Base */,
			);
			name = Main.storyboard;
			sourceTree = "<group>";
		};
/* End PBXVariantGroup section */

/* Begin XCBuildConfiguration section */
		D4FA7DD626617DB700A2342B /* Debug */ = {
			isa = XCBuildConfiguration;
			buildSettings = {
				ALWAYS_SEARCH_USER_PATHS = NO;
				CLANG_ANALYZER_NONNULL = YES;
				CLANG_ANALYZER_NUMBER_OBJECT_CONVERSION = YES_AGGRESSIVE;
				CLANG_CXX_LANGUAGE_STANDARD = "gnu++14";
				CLANG_CXX_LIBRARY = "libc++";
				CLANG_ENABLE_MODULES = YES;
				CLANG_ENABLE_OBJC_ARC = YES;
				CLANG_ENABLE_OBJC_WEAK = YES;
				CLANG_WARN_BLOCK_CAPTURE_AUTORELEASING = YES;
				CLANG_WARN_BOOL_CONVERSION = YES;
				CLANG_WARN_COMMA = YES;
				CLANG_WARN_CONSTANT_CONVERSION = YES;
				CLANG_WARN_DEPRECATED_OBJC_IMPLEMENTATIONS = YES;
				CLANG_WARN_DIRECT_OBJC_ISA_USAGE = YES_ERROR;
				CLANG_WARN_DOCUMENTATION_COMMENTS = YES;
				CLANG_WARN_EMPTY_BODY = YES;
				CLANG_WARN_ENUM_CONVERSION = YES;
				CLANG_WARN_INFINITE_RECURSION = YES;
				CLANG_WARN_INT_CONVERSION = YES;
				CLANG_WARN_NON_LITERAL_NULL_CONVERSION = YES;
				CLANG_WARN_OBJC_IMPLICIT_RETAIN_SELF = YES;
				CLANG_WARN_OBJC_LITERAL_CONVERSION = YES;
				CLANG_WARN_OBJC_ROOT_CLASS = YES_ERROR;
				CLANG_WARN_QUOTED_INCLUDE_IN_FRAMEWORK_HEADER = YES;
				CLANG_WARN_RANGE_LOOP_ANALYSIS = YES;
				CLANG_WARN_STRICT_PROTOTYPES = YES;
				CLANG_WARN_SUSPICIOUS_MOVE = YES;
				CLANG_WARN_UNGUARDED_AVAILABILITY = YES_AGGRESSIVE;
				CLANG_WARN_UNREACHABLE_CODE = YES;
				CLANG_WARN__DUPLICATE_METHOD_MATCH = YES;
				COPY_PHASE_STRIP = NO;
				DEBUG_INFORMATION_FORMAT = dwarf;
				ENABLE_STRICT_OBJC_MSGSEND = YES;
				ENABLE_TESTABILITY = YES;
				GCC_C_LANGUAGE_STANDARD = gnu11;
				GCC_DYNAMIC_NO_PIC = NO;
				GCC_NO_COMMON_BLOCKS = YES;
				GCC_OPTIMIZATION_LEVEL = 0;
				GCC_PREPROCESSOR_DEFINITIONS = (
					"DEBUG=1",
					"$(inherited)",
				);
				GCC_WARN_64_TO_32_BIT_CONVERSION = YES;
				GCC_WARN_ABOUT_RETURN_TYPE = YES_ERROR;
				GCC_WARN_UNDECLARED_SELECTOR = YES;
				GCC_WARN_UNINITIALIZED_AUTOS = YES_AGGRESSIVE;
				GCC_WARN_UNUSED_FUNCTION = YES;
				GCC_WARN_UNUSED_VARIABLE = YES;
				MACOSX_DEPLOYMENT_TARGET = 11.2;
				MTL_ENABLE_DEBUG_INFO = INCLUDE_SOURCE;
				MTL_FAST_MATH = YES;
				ONLY_ACTIVE_ARCH = YES;
				SDKROOT = macosx;
				SWIFT_ACTIVE_COMPILATION_CONDITIONS = DEBUG;
				SWIFT_OPTIMIZATION_LEVEL = "-Onone";
			};
			name = Debug;
		};
		D4FA7DD726617DB700A2342B /* Release */ = {
			isa = XCBuildConfiguration;
			buildSettings = {
				ALWAYS_SEARCH_USER_PATHS = NO;
				CLANG_ANALYZER_NONNULL = YES;
				CLANG_ANALYZER_NUMBER_OBJECT_CONVERSION = YES_AGGRESSIVE;
				CLANG_CXX_LANGUAGE_STANDARD = "gnu++14";
				CLANG_CXX_LIBRARY = "libc++";
				CLANG_ENABLE_MODULES = YES;
				CLANG_ENABLE_OBJC_ARC = YES;
				CLANG_ENABLE_OBJC_WEAK = YES;
				CLANG_WARN_BLOCK_CAPTURE_AUTORELEASING = YES;
				CLANG_WARN_BOOL_CONVERSION = YES;
				CLANG_WARN_COMMA = YES;
				CLANG_WARN_CONSTANT_CONVERSION = YES;
				CLANG_WARN_DEPRECATED_OBJC_IMPLEMENTATIONS = YES;
				CLANG_WARN_DIRECT_OBJC_ISA_USAGE = YES_ERROR;
				CLANG_WARN_DOCUMENTATION_COMMENTS = YES;
				CLANG_WARN_EMPTY_BODY = YES;
				CLANG_WARN_ENUM_CONVERSION = YES;
				CLANG_WARN_INFINITE_RECURSION = YES;
				CLANG_WARN_INT_CONVERSION = YES;
				CLANG_WARN_NON_LITERAL_NULL_CONVERSION = YES;
				CLANG_WARN_OBJC_IMPLICIT_RETAIN_SELF = YES;
				CLANG_WARN_OBJC_LITERAL_CONVERSION = YES;
				CLANG_WARN_OBJC_ROOT_CLASS = YES_ERROR;
				CLANG_WARN_QUOTED_INCLUDE_IN_FRAMEWORK_HEADER = YES;
				CLANG_WARN_RANGE_LOOP_ANALYSIS = YES;
				CLANG_WARN_STRICT_PROTOTYPES = YES;
				CLANG_WARN_SUSPICIOUS_MOVE = YES;
				CLANG_WARN_UNGUARDED_AVAILABILITY = YES_AGGRESSIVE;
				CLANG_WARN_UNREACHABLE_CODE = YES;
				CLANG_WARN__DUPLICATE_METHOD_MATCH = YES;
				COPY_PHASE_STRIP = NO;
				DEBUG_INFORMATION_FORMAT = "dwarf-with-dsym";
				ENABLE_NS_ASSERTIONS = NO;
				ENABLE_STRICT_OBJC_MSGSEND = YES;
				GCC_C_LANGUAGE_STANDARD = gnu11;
				GCC_NO_COMMON_BLOCKS = YES;
				GCC_WARN_64_TO_32_BIT_CONVERSION = YES;
				GCC_WARN_ABOUT_RETURN_TYPE = YES_ERROR;
				GCC_WARN_UNDECLARED_SELECTOR = YES;
				GCC_WARN_UNINITIALIZED_AUTOS = YES_AGGRESSIVE;
				GCC_WARN_UNUSED_FUNCTION = YES;
				GCC_WARN_UNUSED_VARIABLE = YES;
				MACOSX_DEPLOYMENT_TARGET = 11.2;
				MTL_ENABLE_DEBUG_INFO = NO;
				MTL_FAST_MATH = YES;
				SDKROOT = macosx;
				SWIFT_COMPILATION_MODE = wholemodule;
				SWIFT_OPTIMIZATION_LEVEL = "-O";
			};
			name = Release;
		};
		D4FA7DD926617DB700A2342B /* Debug */ = {
			isa = XCBuildConfiguration;
			buildSettings = {
				ASSETCATALOG_COMPILER_APPICON_NAME = AppIcon;
				ASSETCATALOG_COMPILER_GLOBAL_ACCENT_COLOR_NAME = AccentColor;
				CLANG_ENABLE_MODULES = YES;
				CODE_SIGN_ENTITLEMENTS = Water/Water.entitlements;
				CODE_SIGN_STYLE = Automatic;
				COMBINE_HIDPI_IMAGES = YES;
				DEVELOPMENT_TEAM = 49QHC5H8Q9;
				ENABLE_HARDENED_RUNTIME = YES;
				INFOPLIST_FILE = Water/Info.plist;
				LD_RUNPATH_SEARCH_PATHS = (
					"$(inherited)",
					"@executable_path/../Frameworks",
				);
				PRODUCT_BUNDLE_IDENTIFIER = ari.Water;
				PRODUCT_NAME = "$(TARGET_NAME)";
				SWIFT_OBJC_BRIDGING_HEADER = "Water/Water-Bridging-Header.h";
				SWIFT_OPTIMIZATION_LEVEL = "-Onone";
				SWIFT_VERSION = 5.0;
			};
			name = Debug;
		};
		D4FA7DDA26617DB700A2342B /* Release */ = {
			isa = XCBuildConfiguration;
			buildSettings = {
				ASSETCATALOG_COMPILER_APPICON_NAME = AppIcon;
				ASSETCATALOG_COMPILER_GLOBAL_ACCENT_COLOR_NAME = AccentColor;
				CLANG_ENABLE_MODULES = YES;
				CODE_SIGN_ENTITLEMENTS = Water/Water.entitlements;
				CODE_SIGN_STYLE = Automatic;
				COMBINE_HIDPI_IMAGES = YES;
				DEVELOPMENT_TEAM = 49QHC5H8Q9;
				ENABLE_HARDENED_RUNTIME = YES;
				INFOPLIST_FILE = Water/Info.plist;
				LD_RUNPATH_SEARCH_PATHS = (
					"$(inherited)",
					"@executable_path/../Frameworks",
				);
				PRODUCT_BUNDLE_IDENTIFIER = ari.Water;
				PRODUCT_NAME = "$(TARGET_NAME)";
				SWIFT_OBJC_BRIDGING_HEADER = "Water/Water-Bridging-Header.h";
				SWIFT_VERSION = 5.0;
			};
			name = Release;
		};
/* End XCBuildConfiguration section */

/* Begin XCConfigurationList section */
		D4FA7DC326617DB600A2342B /* Build configuration list for PBXProject "Water" */ = {
			isa = XCConfigurationList;
			buildConfigurations = (
				D4FA7DD626617DB700A2342B /* Debug */,
				D4FA7DD726617DB700A2342B /* Release */,
			);
			defaultConfigurationIsVisible = 0;
			defaultConfigurationName = Release;
		};
		D4FA7DD826617DB700A2342B /* Build configuration list for PBXNativeTarget "Water" */ = {
			isa = XCConfigurationList;
			buildConfigurations = (
				D4FA7DD926617DB700A2342B /* Debug */,
				D4FA7DDA26617DB700A2342B /* Release */,
			);
			defaultConfigurationIsVisible = 0;
			defaultConfigurationName = Release;
		};
/* End XCConfigurationList section */
	};
	rootObject = D4FA7DC026617DB600A2342B /* Project object */;
}
